{
  "name": "devploy_client",
  "version": "0.0.1",
  "lockfileVersion": 3,
  "requires": true,
  "packages": {
    "": {
      "name": "devploy_client",
      "version": "0.0.1",
      "license": "ISC",
      "dependencies": {
        "@haslda/ddui": "^0.0.4"
      }
    },
    "node_modules/@haslda/ddui": {
      "version": "0.0.4",
      "resolved": "https://registry.npmjs.org/@haslda/ddui/-/ddui-0.0.4.tgz",
      "integrity": "sha512-m8AVY1LyphZxbuXjXlNaS2lpOh0I7jcsbpbdyv3oCPOJltcMCViZ7e9aON7/fohOaE8dsa8sM30C6gO78oWTUQ=="
    }
  }
}
